
Microsoft Visual Studio Solution File, Format Version 12.00
Project("{FAE04EC0-301F-11D3-BF4B-00C04F79EFBC}") = "WMTDotNetTraning.ConsoleApp", "WMTDotNetTraning.ConsoleApp.csproj", "{CEA1814F-CECF-4BD3-9067-021096200017}"
EndProject
Global
	GlobalSection(SolutionConfigurationPlatforms) = preSolution
		Debug|Any CPU = Debug|Any CPU
		Release|Any CPU = Release|Any CPU
	EndGlobalSection
	GlobalSection(ProjectConfigurationPlatforms) = postSolution
		{CEA1814F-CECF-4BD3-9067-021096200017}.Debug|Any CPU.ActiveCfg = Debug|Any CPU
		{CEA1814F-CECF-4BD3-9067-021096200017}.Debug|Any CPU.Build.0 = Debug|Any CPU
		{CEA1814F-CECF-4BD3-9067-021096200017}.Release|Any CPU.ActiveCfg = Release|Any CPU
		{CEA1814F-CECF-4BD3-9067-021096200017}.Release|Any CPU.Build.0 = Release|Any CPU
	EndGlobalSection
EndGlobal
