
Microsoft Visual Studio Solution File, Format Version 12.00
Project("{FAE04EC0-301F-11D3-BF4B-00C04F79EFBC}") = "WMTDotNetTraning.ConsoleApp", "WMTDotNetTraning.ConsoleApp.csproj", "{CEA1814F-CECF-4BD3-9067-021096200017}"
EndProject
Project("{FAE04EC0-301F-11D3-BF4B-00C04F79EFBC}") = "WMTDotNetCoreTraining.Database", "WMTDotNetCoreTraining.Database\WMTDotNetCoreTraining.Database.csproj", "{D4B05182-CA1F-413C-A526-1EF37EA9CCD6}"
EndProject
Project("{FAE04EC0-301F-11D3-BF4B-00C04F79EFBC}") = "WMTDotNetCoreTraining.ConsoleApp2", "WMTDotNetCoreTraining.ConsoleApp2\WMTDotNetCoreTraining.ConsoleApp2.csproj", "{EB8079DB-7B37-4DAF-97D1-7D2040AAFFC6}"
EndProject
Project("{FAE04EC0-301F-11D3-BF4B-00C04F79EFBC}") = "WMTDotNetCoreTraining.RestApi", "WMTDotNetCoreTraining.RestApi\WMTDotNetCoreTraining.RestApi.csproj", "{613A6CE9-DACB-4CB0-83C2-0B8643401C1A}"
EndProject
Global
	GlobalSection(SolutionConfigurationPlatforms) = preSolution
		Debug|Any CPU = Debug|Any CPU
		Release|Any CPU = Release|Any CPU
	EndGlobalSection
	GlobalSection(ProjectConfigurationPlatforms) = postSolution
		{CEA1814F-CECF-4BD3-9067-021096200017}.Debug|Any CPU.ActiveCfg = Debug|Any CPU
		{CEA1814F-CECF-4BD3-9067-021096200017}.Debug|Any CPU.Build.0 = Debug|Any CPU
		{CEA1814F-CECF-4BD3-9067-021096200017}.Release|Any CPU.ActiveCfg = Release|Any CPU
		{CEA1814F-CECF-4BD3-9067-021096200017}.Release|Any CPU.Build.0 = Release|Any CPU
		{D4B05182-CA1F-413C-A526-1EF37EA9CCD6}.Debug|Any CPU.ActiveCfg = Debug|Any CPU
		{D4B05182-CA1F-413C-A526-1EF37EA9CCD6}.Debug|Any CPU.Build.0 = Debug|Any CPU
		{D4B05182-CA1F-413C-A526-1EF37EA9CCD6}.Release|Any CPU.ActiveCfg = Release|Any CPU
		{D4B05182-CA1F-413C-A526-1EF37EA9CCD6}.Release|Any CPU.Build.0 = Release|Any CPU
		{EB8079DB-7B37-4DAF-97D1-7D2040AAFFC6}.Debug|Any CPU.ActiveCfg = Debug|Any CPU
		{EB8079DB-7B37-4DAF-97D1-7D2040AAFFC6}.Debug|Any CPU.Build.0 = Debug|Any CPU
		{EB8079DB-7B37-4DAF-97D1-7D2040AAFFC6}.Release|Any CPU.ActiveCfg = Release|Any CPU
		{EB8079DB-7B37-4DAF-97D1-7D2040AAFFC6}.Release|Any CPU.Build.0 = Release|Any CPU
		{613A6CE9-DACB-4CB0-83C2-0B8643401C1A}.Debug|Any CPU.ActiveCfg = Debug|Any CPU
		{613A6CE9-DACB-4CB0-83C2-0B8643401C1A}.Debug|Any CPU.Build.0 = Debug|Any CPU
		{613A6CE9-DACB-4CB0-83C2-0B8643401C1A}.Release|Any CPU.ActiveCfg = Release|Any CPU
		{613A6CE9-DACB-4CB0-83C2-0B8643401C1A}.Release|Any CPU.Build.0 = Release|Any CPU
	EndGlobalSection
EndGlobal
